// !$*UTF8*$!
{
	archiveVersion = 1;
	classes = {
	};
	objectVersion = 56;
	objects = {

/* Begin PBXBuildFile section */
		895CFC402A0D72BC00B0499B /* ThunderstormApp.swift in Sources */ = {isa = PBXBuildFile; fileRef = 895CFC3F2A0D72BC00B0499B /* ThunderstormApp.swift */; };
		895CFC442A0D72BD00B0499B /* Assets.xcassets in Resources */ = {isa = PBXBuildFile; fileRef = 895CFC432A0D72BD00B0499B /* Assets.xcassets */; };
		895CFC472A0D72BD00B0499B /* Preview Assets.xcassets in Resources */ = {isa = PBXBuildFile; fileRef = 895CFC462A0D72BD00B0499B /* Preview Assets.xcassets */; };
		895CFC542A0D74CF00B0499B /* LocationsView.swift in Sources */ = {isa = PBXBuildFile; fileRef = 895CFC532A0D74CF00B0499B /* LocationsView.swift */; };
		895CFC572A0D756600B0499B /* LocationsViewModel.swift in Sources */ = {isa = PBXBuildFile; fileRef = 895CFC562A0D756600B0499B /* LocationsViewModel.swift */; };
		895CFC5A2A0D7A9300B0499B /* Location.swift in Sources */ = {isa = PBXBuildFile; fileRef = 895CFC592A0D7A9300B0499B /* Location.swift */; };
		895CFC5C2A0D80C400B0499B /* LocationCellViewModel.swift in Sources */ = {isa = PBXBuildFile; fileRef = 895CFC5B2A0D80C400B0499B /* LocationCellViewModel.swift */; };
		895CFC5E2A0D858000B0499B /* LocationCell.swift in Sources */ = {isa = PBXBuildFile; fileRef = 895CFC5D2A0D858000B0499B /* LocationCell.swift */; };
/* End PBXBuildFile section */

/* Begin PBXFileReference section */
		895CFC3C2A0D72BC00B0499B /* Thunderstorm.app */ = {isa = PBXFileReference; explicitFileType = wrapper.application; includeInIndex = 0; path = Thunderstorm.app; sourceTree = BUILT_PRODUCTS_DIR; };
		895CFC3F2A0D72BC00B0499B /* ThunderstormApp.swift */ = {isa = PBXFileReference; lastKnownFileType = sourcecode.swift; path = ThunderstormApp.swift; sourceTree = "<group>"; };
		895CFC432A0D72BD00B0499B /* Assets.xcassets */ = {isa = PBXFileReference; lastKnownFileType = folder.assetcatalog; path = Assets.xcassets; sourceTree = "<group>"; };
		895CFC462A0D72BD00B0499B /* Preview Assets.xcassets */ = {isa = PBXFileReference; lastKnownFileType = folder.assetcatalog; path = "Preview Assets.xcassets"; sourceTree = "<group>"; };
		895CFC532A0D74CF00B0499B /* LocationsView.swift */ = {isa = PBXFileReference; lastKnownFileType = sourcecode.swift; path = LocationsView.swift; sourceTree = "<group>"; };
		895CFC562A0D756600B0499B /* LocationsViewModel.swift */ = {isa = PBXFileReference; lastKnownFileType = sourcecode.swift; path = LocationsViewModel.swift; sourceTree = "<group>"; };
		895CFC592A0D7A9300B0499B /* Location.swift */ = {isa = PBXFileReference; lastKnownFileType = sourcecode.swift; path = Location.swift; sourceTree = "<group>"; };
		895CFC5B2A0D80C400B0499B /* LocationCellViewModel.swift */ = {isa = PBXFileReference; lastKnownFileType = sourcecode.swift; path = LocationCellViewModel.swift; sourceTree = "<group>"; };
		895CFC5D2A0D858000B0499B /* LocationCell.swift */ = {isa = PBXFileReference; lastKnownFileType = sourcecode.swift; path = LocationCell.swift; sourceTree = "<group>"; };
/* End PBXFileReference section */

/* Begin PBXFrameworksBuildPhase section */
		895CFC392A0D72BC00B0499B /* Frameworks */ = {
			isa = PBXFrameworksBuildPhase;
			buildActionMask = 2147483647;
			files = (
			);
			runOnlyForDeploymentPostprocessing = 0;
		};
/* End PBXFrameworksBuildPhase section */

/* Begin PBXGroup section */
		895CFC332A0D72BC00B0499B = {
			isa = PBXGroup;
			children = (
				895CFC3E2A0D72BC00B0499B /* Thunderstorm */,
				895CFC3D2A0D72BC00B0499B /* Products */,
			);
			sourceTree = "<group>";
		};
		895CFC3D2A0D72BC00B0499B /* Products */ = {
			isa = PBXGroup;
			children = (
				895CFC3C2A0D72BC00B0499B /* Thunderstorm.app */,
			);
			name = Products;
			sourceTree = "<group>";
		};
		895CFC3E2A0D72BC00B0499B /* Thunderstorm */ = {
			isa = PBXGroup;
			children = (
				895CFC582A0D7A8800B0499B /* Models */,
				895CFC512A0D730D00B0499B /* App */,
				895CFC4E2A0D72DE00B0499B /* Views */,
				895CFC4D2A0D72CA00B0499B /* Resources */,
				895CFC452A0D72BD00B0499B /* Preview Content */,
			);
			path = Thunderstorm;
			sourceTree = "<group>";
		};
		895CFC452A0D72BD00B0499B /* Preview Content */ = {
			isa = PBXGroup;
			children = (
				895CFC462A0D72BD00B0499B /* Preview Assets.xcassets */,
			);
			path = "Preview Content";
			sourceTree = "<group>";
		};
		895CFC4D2A0D72CA00B0499B /* Resources */ = {
			isa = PBXGroup;
			children = (
				895CFC432A0D72BD00B0499B /* Assets.xcassets */,
			);
			path = Resources;
			sourceTree = "<group>";
		};
		895CFC4E2A0D72DE00B0499B /* Views */ = {
			isa = PBXGroup;
			children = (
				895CFC522A0D74BB00B0499B /* Locations */,
			);
			path = Views;
			sourceTree = "<group>";
		};
		895CFC512A0D730D00B0499B /* App */ = {
			isa = PBXGroup;
			children = (
				895CFC3F2A0D72BC00B0499B /* ThunderstormApp.swift */,
			);
			path = App;
			sourceTree = "<group>";
		};
		895CFC522A0D74BB00B0499B /* Locations */ = {
			isa = PBXGroup;
			children = (
				895CFC552A0D754F00B0499B /* View Models */,
				895CFC532A0D74CF00B0499B /* LocationsView.swift */,
				895CFC5D2A0D858000B0499B /* LocationCell.swift */,
			);
			path = Locations;
			sourceTree = "<group>";
		};
		895CFC552A0D754F00B0499B /* View Models */ = {
			isa = PBXGroup;
			children = (
				895CFC562A0D756600B0499B /* LocationsViewModel.swift */,
				895CFC5B2A0D80C400B0499B /* LocationCellViewModel.swift */,
			);
			path = "View Models";
			sourceTree = "<group>";
		};
		895CFC582A0D7A8800B0499B /* Models */ = {
			isa = PBXGroup;
			children = (
				895CFC592A0D7A9300B0499B /* Location.swift */,
			);
			path = Models;
			sourceTree = "<group>";
		};
/* End PBXGroup section */

/* Begin PBXNativeTarget section */
		895CFC3B2A0D72BC00B0499B /* Thunderstorm */ = {
			isa = PBXNativeTarget;
			buildConfigurationList = 895CFC4A2A0D72BD00B0499B /* Build configuration list for PBXNativeTarget "Thunderstorm" */;
			buildPhases = (
				895CFC382A0D72BC00B0499B /* Sources */,
				895CFC392A0D72BC00B0499B /* Frameworks */,
				895CFC3A2A0D72BC00B0499B /* Resources */,
			);
			buildRules = (
			);
			dependencies = (
			);
			name = Thunderstorm;
			productName = Thunderstorm;
			productReference = 895CFC3C2A0D72BC00B0499B /* Thunderstorm.app */;
			productType = "com.apple.product-type.application";
		};
/* End PBXNativeTarget section */

/* Begin PBXProject section */
		895CFC342A0D72BC00B0499B /* Project object */ = {
			isa = PBXProject;
			attributes = {
				BuildIndependentTargetsInParallel = 1;
				LastSwiftUpdateCheck = 1420;
				LastUpgradeCheck = 1420;
				TargetAttributes = {
					895CFC3B2A0D72BC00B0499B = {
						CreatedOnToolsVersion = 14.2;
					};
				};
			};
			buildConfigurationList = 895CFC372A0D72BC00B0499B /* Build configuration list for PBXProject "Thunderstorm" */;
			compatibilityVersion = "Xcode 14.0";
			developmentRegion = en;
			hasScannedForEncodings = 0;
			knownRegions = (
				en,
				Base,
			);
			mainGroup = 895CFC332A0D72BC00B0499B;
			productRefGroup = 895CFC3D2A0D72BC00B0499B /* Products */;
			projectDirPath = "";
			projectRoot = "";
			targets = (
				895CFC3B2A0D72BC00B0499B /* Thunderstorm */,
			);
		};
/* End PBXProject section */

/* Begin PBXResourcesBuildPhase section */
		895CFC3A2A0D72BC00B0499B /* Resources */ = {
			isa = PBXResourcesBuildPhase;
			buildActionMask = 2147483647;
			files = (
				895CFC472A0D72BD00B0499B /* Preview Assets.xcassets in Resources */,
				895CFC442A0D72BD00B0499B /* Assets.xcassets in Resources */,
			);
			runOnlyForDeploymentPostprocessing = 0;
		};
/* End PBXResourcesBuildPhase section */

/* Begin PBXSourcesBuildPhase section */
		895CFC382A0D72BC00B0499B /* Sources */ = {
			isa = PBXSourcesBuildPhase;
			buildActionMask = 2147483647;
			files = (
				895CFC5E2A0D858000B0499B /* LocationCell.swift in Sources */,
				895CFC542A0D74CF00B0499B /* LocationsView.swift in Sources */,
				895CFC402A0D72BC00B0499B /* ThunderstormApp.swift in Sources */,
				895CFC5A2A0D7A9300B0499B /* Location.swift in Sources */,
				895CFC572A0D756600B0499B /* LocationsViewModel.swift in Sources */,
				895CFC5C2A0D80C400B0499B /* LocationCellViewModel.swift in Sources */,
			);
			runOnlyForDeploymentPostprocessing = 0;
		};
/* End PBXSourcesBuildPhase section */

/* Begin XCBuildConfiguration section */
		895CFC482A0D72BD00B0499B /* Debug */ = {
			isa = XCBuildConfiguration;
			buildSettings = {
				ALWAYS_SEARCH_USER_PATHS = NO;
				CLANG_ANALYZER_NONNULL = YES;
				CLANG_ANALYZER_NUMBER_OBJECT_CONVERSION = YES_AGGRESSIVE;
				CLANG_CXX_LANGUAGE_STANDARD = "gnu++20";
				CLANG_ENABLE_MODULES = YES;
				CLANG_ENABLE_OBJC_ARC = YES;
				CLANG_ENABLE_OBJC_WEAK = YES;
				CLANG_WARN_BLOCK_CAPTURE_AUTORELEASING = YES;
				CLANG_WARN_BOOL_CONVERSION = YES;
				CLANG_WARN_COMMA = YES;
				CLANG_WARN_CONSTANT_CONVERSION = YES;
				CLANG_WARN_DEPRECATED_OBJC_IMPLEMENTATIONS = YES;
				CLANG_WARN_DIRECT_OBJC_ISA_USAGE = YES_ERROR;
				CLANG_WARN_DOCUMENTATION_COMMENTS = YES;
				CLANG_WARN_EMPTY_BODY = YES;
				CLANG_WARN_ENUM_CONVERSION = YES;
				CLANG_WARN_INFINITE_RECURSION = YES;
				CLANG_WARN_INT_CONVERSION = YES;
				CLANG_WARN_NON_LITERAL_NULL_CONVERSION = YES;
				CLANG_WARN_OBJC_IMPLICIT_RETAIN_SELF = YES;
				CLANG_WARN_OBJC_LITERAL_CONVERSION = YES;
				CLANG_WARN_OBJC_ROOT_CLASS = YES_ERROR;
				CLANG_WARN_QUOTED_INCLUDE_IN_FRAMEWORK_HEADER = YES;
				CLANG_WARN_RANGE_LOOP_ANALYSIS = YES;
				CLANG_WARN_STRICT_PROTOTYPES = YES;
				CLANG_WARN_SUSPICIOUS_MOVE = YES;
				CLANG_WARN_UNGUARDED_AVAILABILITY = YES_AGGRESSIVE;
				CLANG_WARN_UNREACHABLE_CODE = YES;
				CLANG_WARN__DUPLICATE_METHOD_MATCH = YES;
				COPY_PHASE_STRIP = NO;
				DEBUG_INFORMATION_FORMAT = dwarf;
				ENABLE_STRICT_OBJC_MSGSEND = YES;
				ENABLE_TESTABILITY = YES;
				GCC_C_LANGUAGE_STANDARD = gnu11;
				GCC_DYNAMIC_NO_PIC = NO;
				GCC_NO_COMMON_BLOCKS = YES;
				GCC_OPTIMIZATION_LEVEL = 0;
				GCC_PREPROCESSOR_DEFINITIONS = (
					"DEBUG=1",
					"$(inherited)",
				);
				GCC_WARN_64_TO_32_BIT_CONVERSION = YES;
				GCC_WARN_ABOUT_RETURN_TYPE = YES_ERROR;
				GCC_WARN_UNDECLARED_SELECTOR = YES;
				GCC_WARN_UNINITIALIZED_AUTOS = YES_AGGRESSIVE;
				GCC_WARN_UNUSED_FUNCTION = YES;
				GCC_WARN_UNUSED_VARIABLE = YES;
				IPHONEOS_DEPLOYMENT_TARGET = 16.2;
				MTL_ENABLE_DEBUG_INFO = INCLUDE_SOURCE;
				MTL_FAST_MATH = YES;
				ONLY_ACTIVE_ARCH = YES;
				SDKROOT = iphoneos;
				SWIFT_ACTIVE_COMPILATION_CONDITIONS = DEBUG;
				SWIFT_OPTIMIZATION_LEVEL = "-Onone";
			};
			name = Debug;
		};
		895CFC492A0D72BD00B0499B /* Release */ = {
			isa = XCBuildConfiguration;
			buildSettings = {
				ALWAYS_SEARCH_USER_PATHS = NO;
				CLANG_ANALYZER_NONNULL = YES;
				CLANG_ANALYZER_NUMBER_OBJECT_CONVERSION = YES_AGGRESSIVE;
				CLANG_CXX_LANGUAGE_STANDARD = "gnu++20";
				CLANG_ENABLE_MODULES = YES;
				CLANG_ENABLE_OBJC_ARC = YES;
				CLANG_ENABLE_OBJC_WEAK = YES;
				CLANG_WARN_BLOCK_CAPTURE_AUTORELEASING = YES;
				CLANG_WARN_BOOL_CONVERSION = YES;
				CLANG_WARN_COMMA = YES;
				CLANG_WARN_CONSTANT_CONVERSION = YES;
				CLANG_WARN_DEPRECATED_OBJC_IMPLEMENTATIONS = YES;
				CLANG_WARN_DIRECT_OBJC_ISA_USAGE = YES_ERROR;
				CLANG_WARN_DOCUMENTATION_COMMENTS = YES;
				CLANG_WARN_EMPTY_BODY = YES;
				CLANG_WARN_ENUM_CONVERSION = YES;
				CLANG_WARN_INFINITE_RECURSION = YES;
				CLANG_WARN_INT_CONVERSION = YES;
				CLANG_WARN_NON_LITERAL_NULL_CONVERSION = YES;
				CLANG_WARN_OBJC_IMPLICIT_RETAIN_SELF = YES;
				CLANG_WARN_OBJC_LITERAL_CONVERSION = YES;
				CLANG_WARN_OBJC_ROOT_CLASS = YES_ERROR;
				CLANG_WARN_QUOTED_INCLUDE_IN_FRAMEWORK_HEADER = YES;
				CLANG_WARN_RANGE_LOOP_ANALYSIS = YES;
				CLANG_WARN_STRICT_PROTOTYPES = YES;
				CLANG_WARN_SUSPICIOUS_MOVE = YES;
				CLANG_WARN_UNGUARDED_AVAILABILITY = YES_AGGRESSIVE;
				CLANG_WARN_UNREACHABLE_CODE = YES;
				CLANG_WARN__DUPLICATE_METHOD_MATCH = YES;
				COPY_PHASE_STRIP = NO;
				DEBUG_INFORMATION_FORMAT = "dwarf-with-dsym";
				ENABLE_NS_ASSERTIONS = NO;
				ENABLE_STRICT_OBJC_MSGSEND = YES;
				GCC_C_LANGUAGE_STANDARD = gnu11;
				GCC_NO_COMMON_BLOCKS = YES;
				GCC_WARN_64_TO_32_BIT_CONVERSION = YES;
				GCC_WARN_ABOUT_RETURN_TYPE = YES_ERROR;
				GCC_WARN_UNDECLARED_SELECTOR = YES;
				GCC_WARN_UNINITIALIZED_AUTOS = YES_AGGRESSIVE;
				GCC_WARN_UNUSED_FUNCTION = YES;
				GCC_WARN_UNUSED_VARIABLE = YES;
				IPHONEOS_DEPLOYMENT_TARGET = 16.2;
				MTL_ENABLE_DEBUG_INFO = NO;
				MTL_FAST_MATH = YES;
				SDKROOT = iphoneos;
				SWIFT_COMPILATION_MODE = wholemodule;
				SWIFT_OPTIMIZATION_LEVEL = "-O";
				VALIDATE_PRODUCT = YES;
			};
			name = Release;
		};
		895CFC4B2A0D72BD00B0499B /* Debug */ = {
			isa = XCBuildConfiguration;
			buildSettings = {
				ASSETCATALOG_COMPILER_APPICON_NAME = AppIcon;
				ASSETCATALOG_COMPILER_GLOBAL_ACCENT_COLOR_NAME = AccentColor;
				CODE_SIGN_STYLE = Automatic;
				CURRENT_PROJECT_VERSION = 1;
				DEVELOPMENT_ASSET_PATHS = "\"Thunderstorm/Preview Content\"";
				ENABLE_PREVIEWS = YES;
				GENERATE_INFOPLIST_FILE = YES;
				INFOPLIST_KEY_UIApplicationSceneManifest_Generation = YES;
				INFOPLIST_KEY_UIApplicationSupportsIndirectInputEvents = YES;
				INFOPLIST_KEY_UILaunchScreen_Generation = YES;
				INFOPLIST_KEY_UISupportedInterfaceOrientations_iPad = "UIInterfaceOrientationPortrait UIInterfaceOrientationPortraitUpsideDown UIInterfaceOrientationLandscapeLeft UIInterfaceOrientationLandscapeRight";
				INFOPLIST_KEY_UISupportedInterfaceOrientations_iPhone = "UIInterfaceOrientationPortrait UIInterfaceOrientationLandscapeLeft UIInterfaceOrientationLandscapeRight";
				LD_RUNPATH_SEARCH_PATHS = (
					"$(inherited)",
					"@executable_path/Frameworks",
				);
				MARKETING_VERSION = 1.0;
				PRODUCT_BUNDLE_IDENTIFIER = mbayi.Thunderstorm;
				PRODUCT_NAME = "$(TARGET_NAME)";
				SWIFT_EMIT_LOC_STRINGS = YES;
				SWIFT_VERSION = 5.0;
				TARGETED_DEVICE_FAMILY = "1,2";
			};
			name = Debug;
		};
		895CFC4C2A0D72BD00B0499B /* Release */ = {
			isa = XCBuildConfiguration;
			buildSettings = {
				ASSETCATALOG_COMPILER_APPICON_NAME = AppIcon;
				ASSETCATALOG_COMPILER_GLOBAL_ACCENT_COLOR_NAME = AccentColor;
				CODE_SIGN_STYLE = Automatic;
				CURRENT_PROJECT_VERSION = 1;
				DEVELOPMENT_ASSET_PATHS = "\"Thunderstorm/Preview Content\"";
				ENABLE_PREVIEWS = YES;
				GENERATE_INFOPLIST_FILE = YES;
				INFOPLIST_KEY_UIApplicationSceneManifest_Generation = YES;
				INFOPLIST_KEY_UIApplicationSupportsIndirectInputEvents = YES;
				INFOPLIST_KEY_UILaunchScreen_Generation = YES;
				INFOPLIST_KEY_UISupportedInterfaceOrientations_iPad = "UIInterfaceOrientationPortrait UIInterfaceOrientationPortraitUpsideDown UIInterfaceOrientationLandscapeLeft UIInterfaceOrientationLandscapeRight";
				INFOPLIST_KEY_UISupportedInterfaceOrientations_iPhone = "UIInterfaceOrientationPortrait UIInterfaceOrientationLandscapeLeft UIInterfaceOrientationLandscapeRight";
				LD_RUNPATH_SEARCH_PATHS = (
					"$(inherited)",
					"@executable_path/Frameworks",
				);
				MARKETING_VERSION = 1.0;
				PRODUCT_BUNDLE_IDENTIFIER = mbayi.Thunderstorm;
				PRODUCT_NAME = "$(TARGET_NAME)";
				SWIFT_EMIT_LOC_STRINGS = YES;
				SWIFT_VERSION = 5.0;
				TARGETED_DEVICE_FAMILY = "1,2";
			};
			name = Release;
		};
/* End XCBuildConfiguration section */

/* Begin XCConfigurationList section */
		895CFC372A0D72BC00B0499B /* Build configuration list for PBXProject "Thunderstorm" */ = {
			isa = XCConfigurationList;
			buildConfigurations = (
				895CFC482A0D72BD00B0499B /* Debug */,
				895CFC492A0D72BD00B0499B /* Release */,
			);
			defaultConfigurationIsVisible = 0;
			defaultConfigurationName = Release;
		};
		895CFC4A2A0D72BD00B0499B /* Build configuration list for PBXNativeTarget "Thunderstorm" */ = {
			isa = XCConfigurationList;
			buildConfigurations = (
				895CFC4B2A0D72BD00B0499B /* Debug */,
				895CFC4C2A0D72BD00B0499B /* Release */,
			);
			defaultConfigurationIsVisible = 0;
			defaultConfigurationName = Release;
		};
/* End XCConfigurationList section */
	};
	rootObject = 895CFC342A0D72BC00B0499B /* Project object */;
}
